
Microsoft Visual Studio Solution File, Format Version 12.00
# Visual Studio Version 17
VisualStudioVersion = 17.12.35527.113 d17.12
MinimumVisualStudioVersion = 10.0.40219.1
Project("{FAE04EC0-301F-11D3-BF4B-00C04F79EFBC}") = "Examen-MVVM", "Examen-MVVM\Examen-MVVM.csproj", "{ED872E2E-D958-42F1-87F2-B3B06F64FCCE}"
EndProject
Global
	GlobalSection(SolutionConfigurationPlatforms) = preSolution
		Debug|Any CPU = Debug|Any CPU
		Release|Any CPU = Release|Any CPU
	EndGlobalSection
	GlobalSection(ProjectConfigurationPlatforms) = postSolution
		{ED872E2E-D958-42F1-87F2-B3B06F64FCCE}.Debug|Any CPU.ActiveCfg = Debug|Any CPU
		{ED872E2E-D958-42F1-87F2-B3B06F64FCCE}.Debug|Any CPU.Build.0 = Debug|Any CPU
		{ED872E2E-D958-42F1-87F2-B3B06F64FCCE}.Release|Any CPU.ActiveCfg = Release|Any CPU
		{ED872E2E-D958-42F1-87F2-B3B06F64FCCE}.Release|Any CPU.Build.0 = Release|Any CPU
	EndGlobalSection
	GlobalSection(SolutionProperties) = preSolution
		HideSolutionNode = FALSE
	EndGlobalSection
EndGlobal
